PODS:
  - DatePickerDialog (4.0)
  - "Keyboard+LayoutGuide (1.6.0)"
  - Realm (10.28.5):
    - Realm/Headers (= 10.28.5)
  - Realm/Headers (10.28.5)
  - RealmSwift (10.28.5):
    - Realm (= 10.28.5)

DEPENDENCIES:
  - DatePickerDialog
  - "Keyboard+LayoutGuide"
  - RealmSwift (~> 10)

SPEC REPOS:
  trunk:
    - DatePickerDialog
    - "Keyboard+LayoutGuide"
    - Realm
    - RealmSwift

SPEC CHECKSUMS:
  DatePickerDialog: ccff2f91ff7a018057a4d72fa5ad6de49c8cb0cd
  "Keyboard+LayoutGuide": db44b1764e2bb5d9824cc9cea9d9006cd4442045
  Realm: eb7f6a7a8395906822e6fab71eb8496d6d52b318
  RealmSwift: 6b54904d4a236de143f3411a757641fd74e9cb3d

PODFILE CHECKSUM: 4fe24d7fd17ca4e8edd3f5c6cba7d4acc9e53a3a

COCOAPODS: 1.11.3
