// !$*UTF8*$!
{
	archiveVersion = 1;
	classes = {
	};
	objectVersion = 55;
	objects = {

/* Begin PBXBuildFile section */
		7B1F4DB79AFCD2188F83CBE2 /* Pods_Todo.framework in Frameworks */ = {isa = PBXBuildFile; fileRef = 87AEA0CC92F804562D4699DF /* Pods_Todo.framework */; };
		FC39591D28AA5F1800EB99DE /* SubTask.swift in Sources */ = {isa = PBXBuildFile; fileRef = FC39591C28AA5F1800EB99DE /* SubTask.swift */; };
		FC39592028AA695A00EB99DE /* SubTaskTableViewCell.swift in Sources */ = {isa = PBXBuildFile; fileRef = FC39591E28AA695A00EB99DE /* SubTaskTableViewCell.swift */; };
		FC39592128AA695A00EB99DE /* SubTaskTableViewCell.xib in Resources */ = {isa = PBXBuildFile; fileRef = FC39591F28AA695A00EB99DE /* SubTaskTableViewCell.xib */; };
		FC39592328AA739F00EB99DE /* ContentSizedTableView.swift in Sources */ = {isa = PBXBuildFile; fileRef = FC39592228AA739F00EB99DE /* ContentSizedTableView.swift */; };
		FC39592528ABF02F00EB99DE /* DatePickerPopupViewController.swift in Sources */ = {isa = PBXBuildFile; fileRef = FC39592428ABF02F00EB99DE /* DatePickerPopupViewController.swift */; };
		FC39592728B2890D00EB99DE /* TaskManager.swift in Sources */ = {isa = PBXBuildFile; fileRef = FC39592628B2890D00EB99DE /* TaskManager.swift */; };
		FC39594D28C4CE1700EB99DE /* NotificationsManager.swift in Sources */ = {isa = PBXBuildFile; fileRef = FC39594C28C4CE1700EB99DE /* NotificationsManager.swift */; };
		FC39594F28CCDEFC00EB99DE /* Constants.swift in Sources */ = {isa = PBXBuildFile; fileRef = FC39594E28CCDEFB00EB99DE /* Constants.swift */; };
		FC4D27D128A10EC8006D0CF4 /* AppDelegate.swift in Sources */ = {isa = PBXBuildFile; fileRef = FC4D27D028A10EC8006D0CF4 /* AppDelegate.swift */; };
		FC4D27D328A10EC8006D0CF4 /* SceneDelegate.swift in Sources */ = {isa = PBXBuildFile; fileRef = FC4D27D228A10EC8006D0CF4 /* SceneDelegate.swift */; };
		FC4D27D528A10EC8006D0CF4 /* TasksViewController.swift in Sources */ = {isa = PBXBuildFile; fileRef = FC4D27D428A10EC8006D0CF4 /* TasksViewController.swift */; };
		FC4D27D828A10EC8006D0CF4 /* Main.storyboard in Resources */ = {isa = PBXBuildFile; fileRef = FC4D27D628A10EC8006D0CF4 /* Main.storyboard */; };
		FC4D27DA28A10ECB006D0CF4 /* Assets.xcassets in Resources */ = {isa = PBXBuildFile; fileRef = FC4D27D928A10ECB006D0CF4 /* Assets.xcassets */; };
		FC4D27DD28A10ECB006D0CF4 /* LaunchScreen.storyboard in Resources */ = {isa = PBXBuildFile; fileRef = FC4D27DB28A10ECB006D0CF4 /* LaunchScreen.storyboard */; };
		FC4D27F628A114F5006D0CF4 /* Poppins-SemiBoldItalic.ttf in Resources */ = {isa = PBXBuildFile; fileRef = FC4D27E428A114F5006D0CF4 /* Poppins-SemiBoldItalic.ttf */; };
		FC4D27F728A114F5006D0CF4 /* Poppins-Italic.ttf in Resources */ = {isa = PBXBuildFile; fileRef = FC4D27E528A114F5006D0CF4 /* Poppins-Italic.ttf */; };
		FC4D27F828A114F5006D0CF4 /* Poppins-ExtraBoldItalic.ttf in Resources */ = {isa = PBXBuildFile; fileRef = FC4D27E628A114F5006D0CF4 /* Poppins-ExtraBoldItalic.ttf */; };
		FC4D27F928A114F5006D0CF4 /* Poppins-ExtraBold.ttf in Resources */ = {isa = PBXBuildFile; fileRef = FC4D27E728A114F5006D0CF4 /* Poppins-ExtraBold.ttf */; };
		FC4D27FA28A114F5006D0CF4 /* Poppins-Thin.ttf in Resources */ = {isa = PBXBuildFile; fileRef = FC4D27E828A114F5006D0CF4 /* Poppins-Thin.ttf */; };
		FC4D27FB28A114F5006D0CF4 /* Poppins-Medium.ttf in Resources */ = {isa = PBXBuildFile; fileRef = FC4D27E928A114F5006D0CF4 /* Poppins-Medium.ttf */; };
		FC4D27FC28A114F5006D0CF4 /* Poppins-Black.ttf in Resources */ = {isa = PBXBuildFile; fileRef = FC4D27EA28A114F5006D0CF4 /* Poppins-Black.ttf */; };
		FC4D27FD28A114F5006D0CF4 /* Poppins-ExtraLightItalic.ttf in Resources */ = {isa = PBXBuildFile; fileRef = FC4D27EB28A114F5006D0CF4 /* Poppins-ExtraLightItalic.ttf */; };
		FC4D27FE28A114F5006D0CF4 /* Poppins-Regular.ttf in Resources */ = {isa = PBXBuildFile; fileRef = FC4D27EC28A114F5006D0CF4 /* Poppins-Regular.ttf */; };
		FC4D27FF28A114F5006D0CF4 /* Poppins-LightItalic.ttf in Resources */ = {isa = PBXBuildFile; fileRef = FC4D27ED28A114F5006D0CF4 /* Poppins-LightItalic.ttf */; };
		FC4D280028A114F5006D0CF4 /* Poppins-BoldItalic.ttf in Resources */ = {isa = PBXBuildFile; fileRef = FC4D27EE28A114F5006D0CF4 /* Poppins-BoldItalic.ttf */; };
		FC4D280128A114F5006D0CF4 /* Poppins-SemiBold.ttf in Resources */ = {isa = PBXBuildFile; fileRef = FC4D27EF28A114F5006D0CF4 /* Poppins-SemiBold.ttf */; };
		FC4D280228A114F5006D0CF4 /* Poppins-Bold.ttf in Resources */ = {isa = PBXBuildFile; fileRef = FC4D27F028A114F5006D0CF4 /* Poppins-Bold.ttf */; };
		FC4D280328A114F5006D0CF4 /* Poppins-MediumItalic.ttf in Resources */ = {isa = PBXBuildFile; fileRef = FC4D27F128A114F5006D0CF4 /* Poppins-MediumItalic.ttf */; };
		FC4D280428A114F5006D0CF4 /* Poppins-BlackItalic.ttf in Resources */ = {isa = PBXBuildFile; fileRef = FC4D27F228A114F5006D0CF4 /* Poppins-BlackItalic.ttf */; };
		FC4D280528A114F5006D0CF4 /* Poppins-ExtraLight.ttf in Resources */ = {isa = PBXBuildFile; fileRef = FC4D27F328A114F5006D0CF4 /* Poppins-ExtraLight.ttf */; };
		FC4D280628A114F5006D0CF4 /* Poppins-Light.ttf in Resources */ = {isa = PBXBuildFile; fileRef = FC4D27F428A114F5006D0CF4 /* Poppins-Light.ttf */; };
		FC4D280728A114F5006D0CF4 /* Poppins-ThinItalic.ttf in Resources */ = {isa = PBXBuildFile; fileRef = FC4D27F528A114F5006D0CF4 /* Poppins-ThinItalic.ttf */; };
		FC4D280E28A431BD006D0CF4 /* TaskTableViewCell.swift in Sources */ = {isa = PBXBuildFile; fileRef = FC4D280C28A431BD006D0CF4 /* TaskTableViewCell.swift */; };
		FC4D280F28A431BD006D0CF4 /* TaskTableViewCell.xib in Resources */ = {isa = PBXBuildFile; fileRef = FC4D280D28A431BD006D0CF4 /* TaskTableViewCell.xib */; };
		FC4D281128A4EFB3006D0CF4 /* Task.swift in Sources */ = {isa = PBXBuildFile; fileRef = FC4D281028A4EFB3006D0CF4 /* Task.swift */; };
		FC4D281628A6580A006D0CF4 /* AddNewTaskViewController.swift in Sources */ = {isa = PBXBuildFile; fileRef = FC4D281528A6580A006D0CF4 /* AddNewTaskViewController.swift */; };
/* End PBXBuildFile section */

/* Begin PBXFileReference section */
		085CF449EB73883F07925BD3 /* Pods-Todo.debug.xcconfig */ = {isa = PBXFileReference; includeInIndex = 1; lastKnownFileType = text.xcconfig; name = "Pods-Todo.debug.xcconfig"; path = "Target Support Files/Pods-Todo/Pods-Todo.debug.xcconfig"; sourceTree = "<group>"; };
		595E83C985777FBED9511968 /* Pods-Todo.release.xcconfig */ = {isa = PBXFileReference; includeInIndex = 1; lastKnownFileType = text.xcconfig; name = "Pods-Todo.release.xcconfig"; path = "Target Support Files/Pods-Todo/Pods-Todo.release.xcconfig"; sourceTree = "<group>"; };
		87AEA0CC92F804562D4699DF /* Pods_Todo.framework */ = {isa = PBXFileReference; explicitFileType = wrapper.framework; includeInIndex = 0; path = Pods_Todo.framework; sourceTree = BUILT_PRODUCTS_DIR; };
		FC39591C28AA5F1800EB99DE /* SubTask.swift */ = {isa = PBXFileReference; lastKnownFileType = sourcecode.swift; path = SubTask.swift; sourceTree = "<group>"; };
		FC39591E28AA695A00EB99DE /* SubTaskTableViewCell.swift */ = {isa = PBXFileReference; lastKnownFileType = sourcecode.swift; path = SubTaskTableViewCell.swift; sourceTree = "<group>"; };
		FC39591F28AA695A00EB99DE /* SubTaskTableViewCell.xib */ = {isa = PBXFileReference; lastKnownFileType = file.xib; path = SubTaskTableViewCell.xib; sourceTree = "<group>"; };
		FC39592228AA739F00EB99DE /* ContentSizedTableView.swift */ = {isa = PBXFileReference; lastKnownFileType = sourcecode.swift; path = ContentSizedTableView.swift; sourceTree = "<group>"; };
		FC39592428ABF02F00EB99DE /* DatePickerPopupViewController.swift */ = {isa = PBXFileReference; lastKnownFileType = sourcecode.swift; path = DatePickerPopupViewController.swift; sourceTree = "<group>"; };
		FC39592628B2890D00EB99DE /* TaskManager.swift */ = {isa = PBXFileReference; lastKnownFileType = sourcecode.swift; path = TaskManager.swift; sourceTree = "<group>"; };
		FC39594C28C4CE1700EB99DE /* NotificationsManager.swift */ = {isa = PBXFileReference; lastKnownFileType = sourcecode.swift; path = NotificationsManager.swift; sourceTree = "<group>"; };
		FC39594E28CCDEFB00EB99DE /* Constants.swift */ = {isa = PBXFileReference; lastKnownFileType = sourcecode.swift; name = Constants.swift; path = Todo/Constants.swift; sourceTree = SOURCE_ROOT; };
		FC4D27CD28A10EC8006D0CF4 /* Todo.app */ = {isa = PBXFileReference; explicitFileType = wrapper.application; includeInIndex = 0; path = Todo.app; sourceTree = BUILT_PRODUCTS_DIR; };
		FC4D27D028A10EC8006D0CF4 /* AppDelegate.swift */ = {isa = PBXFileReference; lastKnownFileType = sourcecode.swift; path = AppDelegate.swift; sourceTree = "<group>"; };
		FC4D27D228A10EC8006D0CF4 /* SceneDelegate.swift */ = {isa = PBXFileReference; lastKnownFileType = sourcecode.swift; path = SceneDelegate.swift; sourceTree = "<group>"; };
		FC4D27D428A10EC8006D0CF4 /* TasksViewController.swift */ = {isa = PBXFileReference; lastKnownFileType = sourcecode.swift; path = TasksViewController.swift; sourceTree = "<group>"; };
		FC4D27D728A10EC8006D0CF4 /* Base */ = {isa = PBXFileReference; lastKnownFileType = file.storyboard; name = Base; path = Base.lproj/Main.storyboard; sourceTree = "<group>"; };
		FC4D27D928A10ECB006D0CF4 /* Assets.xcassets */ = {isa = PBXFileReference; lastKnownFileType = folder.assetcatalog; path = Assets.xcassets; sourceTree = "<group>"; };
		FC4D27DC28A10ECB006D0CF4 /* Base */ = {isa = PBXFileReference; lastKnownFileType = file.storyboard; name = Base; path = Base.lproj/LaunchScreen.storyboard; sourceTree = "<group>"; };
		FC4D27DE28A10ECB006D0CF4 /* Info.plist */ = {isa = PBXFileReference; lastKnownFileType = text.plist.xml; path = Info.plist; sourceTree = "<group>"; };
		FC4D27E428A114F5006D0CF4 /* Poppins-SemiBoldItalic.ttf */ = {isa = PBXFileReference; lastKnownFileType = file; path = "Poppins-SemiBoldItalic.ttf"; sourceTree = "<group>"; };
		FC4D27E528A114F5006D0CF4 /* Poppins-Italic.ttf */ = {isa = PBXFileReference; lastKnownFileType = file; path = "Poppins-Italic.ttf"; sourceTree = "<group>"; };
		FC4D27E628A114F5006D0CF4 /* Poppins-ExtraBoldItalic.ttf */ = {isa = PBXFileReference; lastKnownFileType = file; path = "Poppins-ExtraBoldItalic.ttf"; sourceTree = "<group>"; };
		FC4D27E728A114F5006D0CF4 /* Poppins-ExtraBold.ttf */ = {isa = PBXFileReference; lastKnownFileType = file; path = "Poppins-ExtraBold.ttf"; sourceTree = "<group>"; };
		FC4D27E828A114F5006D0CF4 /* Poppins-Thin.ttf */ = {isa = PBXFileReference; lastKnownFileType = file; path = "Poppins-Thin.ttf"; sourceTree = "<group>"; };
		FC4D27E928A114F5006D0CF4 /* Poppins-Medium.ttf */ = {isa = PBXFileReference; lastKnownFileType = file; path = "Poppins-Medium.ttf"; sourceTree = "<group>"; };
		FC4D27EA28A114F5006D0CF4 /* Poppins-Black.ttf */ = {isa = PBXFileReference; lastKnownFileType = file; path = "Poppins-Black.ttf"; sourceTree = "<group>"; };
		FC4D27EB28A114F5006D0CF4 /* Poppins-ExtraLightItalic.ttf */ = {isa = PBXFileReference; lastKnownFileType = file; path = "Poppins-ExtraLightItalic.ttf"; sourceTree = "<group>"; };
		FC4D27EC28A114F5006D0CF4 /* Poppins-Regular.ttf */ = {isa = PBXFileReference; lastKnownFileType = file; path = "Poppins-Regular.ttf"; sourceTree = "<group>"; };
		FC4D27ED28A114F5006D0CF4 /* Poppins-LightItalic.ttf */ = {isa = PBXFileReference; lastKnownFileType = file; path = "Poppins-LightItalic.ttf"; sourceTree = "<group>"; };
		FC4D27EE28A114F5006D0CF4 /* Poppins-BoldItalic.ttf */ = {isa = PBXFileReference; lastKnownFileType = file; path = "Poppins-BoldItalic.ttf"; sourceTree = "<group>"; };
		FC4D27EF28A114F5006D0CF4 /* Poppins-SemiBold.ttf */ = {isa = PBXFileReference; lastKnownFileType = file; path = "Poppins-SemiBold.ttf"; sourceTree = "<group>"; };
		FC4D27F028A114F5006D0CF4 /* Poppins-Bold.ttf */ = {isa = PBXFileReference; lastKnownFileType = file; path = "Poppins-Bold.ttf"; sourceTree = "<group>"; };
		FC4D27F128A114F5006D0CF4 /* Poppins-MediumItalic.ttf */ = {isa = PBXFileReference; lastKnownFileType = file; path = "Poppins-MediumItalic.ttf"; sourceTree = "<group>"; };
		FC4D27F228A114F5006D0CF4 /* Poppins-BlackItalic.ttf */ = {isa = PBXFileReference; lastKnownFileType = file; path = "Poppins-BlackItalic.ttf"; sourceTree = "<group>"; };
		FC4D27F328A114F5006D0CF4 /* Poppins-ExtraLight.ttf */ = {isa = PBXFileReference; lastKnownFileType = file; path = "Poppins-ExtraLight.ttf"; sourceTree = "<group>"; };
		FC4D27F428A114F5006D0CF4 /* Poppins-Light.ttf */ = {isa = PBXFileReference; lastKnownFileType = file; path = "Poppins-Light.ttf"; sourceTree = "<group>"; };
		FC4D27F528A114F5006D0CF4 /* Poppins-ThinItalic.ttf */ = {isa = PBXFileReference; lastKnownFileType = file; path = "Poppins-ThinItalic.ttf"; sourceTree = "<group>"; };
		FC4D280C28A431BD006D0CF4 /* TaskTableViewCell.swift */ = {isa = PBXFileReference; lastKnownFileType = sourcecode.swift; path = TaskTableViewCell.swift; sourceTree = "<group>"; };
		FC4D280D28A431BD006D0CF4 /* TaskTableViewCell.xib */ = {isa = PBXFileReference; lastKnownFileType = file.xib; path = TaskTableViewCell.xib; sourceTree = "<group>"; };
		FC4D281028A4EFB3006D0CF4 /* Task.swift */ = {isa = PBXFileReference; lastKnownFileType = sourcecode.swift; path = Task.swift; sourceTree = "<group>"; };
		FC4D281528A6580A006D0CF4 /* AddNewTaskViewController.swift */ = {isa = PBXFileReference; lastKnownFileType = sourcecode.swift; path = AddNewTaskViewController.swift; sourceTree = "<group>"; };
/* End PBXFileReference section */

/* Begin PBXFrameworksBuildPhase section */
		FC4D27CA28A10EC8006D0CF4 /* Frameworks */ = {
			isa = PBXFrameworksBuildPhase;
			buildActionMask = 2147483647;
			files = (
				7B1F4DB79AFCD2188F83CBE2 /* Pods_Todo.framework in Frameworks */,
			);
			runOnlyForDeploymentPostprocessing = 0;
		};
/* End PBXFrameworksBuildPhase section */

/* Begin PBXGroup section */
		96D2127239640C80FA832EDF /* Frameworks */ = {
			isa = PBXGroup;
			children = (
				87AEA0CC92F804562D4699DF /* Pods_Todo.framework */,
			);
			name = Frameworks;
			sourceTree = "<group>";
		};
		A6FC1ADB75C89F7685ED304D /* Pods */ = {
			isa = PBXGroup;
			children = (
				085CF449EB73883F07925BD3 /* Pods-Todo.debug.xcconfig */,
				595E83C985777FBED9511968 /* Pods-Todo.release.xcconfig */,
			);
			path = Pods;
			sourceTree = "<group>";
		};
		FC4D27C428A10EC8006D0CF4 = {
			isa = PBXGroup;
			children = (
				FC4D27CF28A10EC8006D0CF4 /* Todo */,
				FC4D27CE28A10EC8006D0CF4 /* Products */,
				A6FC1ADB75C89F7685ED304D /* Pods */,
				96D2127239640C80FA832EDF /* Frameworks */,
			);
			sourceTree = "<group>";
		};
		FC4D27CE28A10EC8006D0CF4 /* Products */ = {
			isa = PBXGroup;
			children = (
				FC4D27CD28A10EC8006D0CF4 /* Todo.app */,
			);
			name = Products;
			sourceTree = "<group>";
		};
		FC4D27CF28A10EC8006D0CF4 /* Todo */ = {
			isa = PBXGroup;
			children = (
				FC4D27D028A10EC8006D0CF4 /* AppDelegate.swift */,
				FC4D27D228A10EC8006D0CF4 /* SceneDelegate.swift */,
				FC4D281228A4EFC7006D0CF4 /* Controllers */,
				FC4D281428A4EFE6006D0CF4 /* Model */,
				FC4D281328A4EFDA006D0CF4 /* Views */,
				FC4D280828A115D1006D0CF4 /* Font */,
				FC39594E28CCDEFB00EB99DE /* Constants.swift */,
				FC4D27D928A10ECB006D0CF4 /* Assets.xcassets */,
				FC4D27DB28A10ECB006D0CF4 /* LaunchScreen.storyboard */,
				FC4D27DE28A10ECB006D0CF4 /* Info.plist */,
			);
			path = Todo;
			sourceTree = "<group>";
		};
		FC4D280828A115D1006D0CF4 /* Font */ = {
			isa = PBXGroup;
			children = (
				FC4D27EA28A114F5006D0CF4 /* Poppins-Black.ttf */,
				FC4D27F228A114F5006D0CF4 /* Poppins-BlackItalic.ttf */,
				FC4D27F028A114F5006D0CF4 /* Poppins-Bold.ttf */,
				FC4D27EE28A114F5006D0CF4 /* Poppins-BoldItalic.ttf */,
				FC4D27E728A114F5006D0CF4 /* Poppins-ExtraBold.ttf */,
				FC4D27E628A114F5006D0CF4 /* Poppins-ExtraBoldItalic.ttf */,
				FC4D27F328A114F5006D0CF4 /* Poppins-ExtraLight.ttf */,
				FC4D27EB28A114F5006D0CF4 /* Poppins-ExtraLightItalic.ttf */,
				FC4D27E528A114F5006D0CF4 /* Poppins-Italic.ttf */,
				FC4D27F428A114F5006D0CF4 /* Poppins-Light.ttf */,
				FC4D27ED28A114F5006D0CF4 /* Poppins-LightItalic.ttf */,
				FC4D27E928A114F5006D0CF4 /* Poppins-Medium.ttf */,
				FC4D27F128A114F5006D0CF4 /* Poppins-MediumItalic.ttf */,
				FC4D27EC28A114F5006D0CF4 /* Poppins-Regular.ttf */,
				FC4D27EF28A114F5006D0CF4 /* Poppins-SemiBold.ttf */,
				FC4D27E428A114F5006D0CF4 /* Poppins-SemiBoldItalic.ttf */,
				FC4D27E828A114F5006D0CF4 /* Poppins-Thin.ttf */,
				FC4D27F528A114F5006D0CF4 /* Poppins-ThinItalic.ttf */,
			);
			path = Font;
			sourceTree = "<group>";
		};
		FC4D281228A4EFC7006D0CF4 /* Controllers */ = {
			isa = PBXGroup;
			children = (
				FC4D27D428A10EC8006D0CF4 /* TasksViewController.swift */,
				FC4D281528A6580A006D0CF4 /* AddNewTaskViewController.swift */,
				FC39592428ABF02F00EB99DE /* DatePickerPopupViewController.swift */,
				FC4D280C28A431BD006D0CF4 /* TaskTableViewCell.swift */,
				FC39591E28AA695A00EB99DE /* SubTaskTableViewCell.swift */,
				FC39592228AA739F00EB99DE /* ContentSizedTableView.swift */,
			);
			path = Controllers;
			sourceTree = "<group>";
		};
		FC4D281328A4EFDA006D0CF4 /* Views */ = {
			isa = PBXGroup;
			children = (
				FC4D27D628A10EC8006D0CF4 /* Main.storyboard */,
				FC4D280D28A431BD006D0CF4 /* TaskTableViewCell.xib */,
				FC39591F28AA695A00EB99DE /* SubTaskTableViewCell.xib */,
			);
			path = Views;
			sourceTree = "<group>";
		};
		FC4D281428A4EFE6006D0CF4 /* Model */ = {
			isa = PBXGroup;
			children = (
				FC4D281028A4EFB3006D0CF4 /* Task.swift */,
				FC39591C28AA5F1800EB99DE /* SubTask.swift */,
				FC39592628B2890D00EB99DE /* TaskManager.swift */,
				FC39594C28C4CE1700EB99DE /* NotificationsManager.swift */,
			);
			path = Model;
			sourceTree = "<group>";
		};
/* End PBXGroup section */

/* Begin PBXNativeTarget section */
		FC4D27CC28A10EC8006D0CF4 /* Todo */ = {
			isa = PBXNativeTarget;
			buildConfigurationList = FC4D27E128A10ECB006D0CF4 /* Build configuration list for PBXNativeTarget "Todo" */;
			buildPhases = (
				252D706C56AA2675FD884A86 /* [CP] Check Pods Manifest.lock */,
				FC4D27C928A10EC8006D0CF4 /* Sources */,
				FC4D27CA28A10EC8006D0CF4 /* Frameworks */,
				FC4D27CB28A10EC8006D0CF4 /* Resources */,
				810C8E718C28655C375D33D7 /* [CP] Embed Pods Frameworks */,
			);
			buildRules = (
			);
			dependencies = (
			);
			name = Todo;
			productName = Todo;
			productReference = FC4D27CD28A10EC8006D0CF4 /* Todo.app */;
			productType = "com.apple.product-type.application";
		};
/* End PBXNativeTarget section */

/* Begin PBXProject section */
		FC4D27C528A10EC8006D0CF4 /* Project object */ = {
			isa = PBXProject;
			attributes = {
				BuildIndependentTargetsInParallel = 1;
				LastSwiftUpdateCheck = 1340;
				LastUpgradeCheck = 1340;
				TargetAttributes = {
					FC4D27CC28A10EC8006D0CF4 = {
						CreatedOnToolsVersion = 13.4.1;
					};
				};
			};
			buildConfigurationList = FC4D27C828A10EC8006D0CF4 /* Build configuration list for PBXProject "Todo" */;
			compatibilityVersion = "Xcode 13.0";
			developmentRegion = en;
			hasScannedForEncodings = 0;
			knownRegions = (
				en,
				Base,
			);
			mainGroup = FC4D27C428A10EC8006D0CF4;
			productRefGroup = FC4D27CE28A10EC8006D0CF4 /* Products */;
			projectDirPath = "";
			projectRoot = "";
			targets = (
				FC4D27CC28A10EC8006D0CF4 /* Todo */,
			);
		};
/* End PBXProject section */

/* Begin PBXResourcesBuildPhase section */
		FC4D27CB28A10EC8006D0CF4 /* Resources */ = {
			isa = PBXResourcesBuildPhase;
			buildActionMask = 2147483647;
			files = (
				FC4D280128A114F5006D0CF4 /* Poppins-SemiBold.ttf in Resources */,
				FC4D27F828A114F5006D0CF4 /* Poppins-ExtraBoldItalic.ttf in Resources */,
				FC4D27FF28A114F5006D0CF4 /* Poppins-LightItalic.ttf in Resources */,
				FC4D280228A114F5006D0CF4 /* Poppins-Bold.ttf in Resources */,
				FC4D27DD28A10ECB006D0CF4 /* LaunchScreen.storyboard in Resources */,
				FC4D27F628A114F5006D0CF4 /* Poppins-SemiBoldItalic.ttf in Resources */,
				FC4D27FE28A114F5006D0CF4 /* Poppins-Regular.ttf in Resources */,
				FC4D27F928A114F5006D0CF4 /* Poppins-ExtraBold.ttf in Resources */,
				FC4D27FC28A114F5006D0CF4 /* Poppins-Black.ttf in Resources */,
				FC4D27DA28A10ECB006D0CF4 /* Assets.xcassets in Resources */,
				FC4D27FD28A114F5006D0CF4 /* Poppins-ExtraLightItalic.ttf in Resources */,
				FC4D280628A114F5006D0CF4 /* Poppins-Light.ttf in Resources */,
				FC4D280728A114F5006D0CF4 /* Poppins-ThinItalic.ttf in Resources */,
				FC4D280328A114F5006D0CF4 /* Poppins-MediumItalic.ttf in Resources */,
				FC4D280028A114F5006D0CF4 /* Poppins-BoldItalic.ttf in Resources */,
				FC4D27FA28A114F5006D0CF4 /* Poppins-Thin.ttf in Resources */,
				FC4D280F28A431BD006D0CF4 /* TaskTableViewCell.xib in Resources */,
				FC4D280528A114F5006D0CF4 /* Poppins-ExtraLight.ttf in Resources */,
				FC4D27FB28A114F5006D0CF4 /* Poppins-Medium.ttf in Resources */,
				FC4D27F728A114F5006D0CF4 /* Poppins-Italic.ttf in Resources */,
				FC4D280428A114F5006D0CF4 /* Poppins-BlackItalic.ttf in Resources */,
				FC4D27D828A10EC8006D0CF4 /* Main.storyboard in Resources */,
				FC39592128AA695A00EB99DE /* SubTaskTableViewCell.xib in Resources */,
			);
			runOnlyForDeploymentPostprocessing = 0;
		};
/* End PBXResourcesBuildPhase section */

/* Begin PBXShellScriptBuildPhase section */
		252D706C56AA2675FD884A86 /* [CP] Check Pods Manifest.lock */ = {
			isa = PBXShellScriptBuildPhase;
			buildActionMask = 2147483647;
			files = (
			);
			inputFileListPaths = (
			);
			inputPaths = (
				"${PODS_PODFILE_DIR_PATH}/Podfile.lock",
				"${PODS_ROOT}/Manifest.lock",
			);
			name = "[CP] Check Pods Manifest.lock";
			outputFileListPaths = (
			);
			outputPaths = (
				"$(DERIVED_FILE_DIR)/Pods-Todo-checkManifestLockResult.txt",
			);
			runOnlyForDeploymentPostprocessing = 0;
			shellPath = /bin/sh;
			shellScript = "diff \"${PODS_PODFILE_DIR_PATH}/Podfile.lock\" \"${PODS_ROOT}/Manifest.lock\" > /dev/null\nif [ $? != 0 ] ; then\n    # print error to STDERR\n    echo \"error: The sandbox is not in sync with the Podfile.lock. Run 'pod install' or update your CocoaPods installation.\" >&2\n    exit 1\nfi\n# This output is used by Xcode 'outputs' to avoid re-running this script phase.\necho \"SUCCESS\" > \"${SCRIPT_OUTPUT_FILE_0}\"\n";
			showEnvVarsInLog = 0;
		};
		810C8E718C28655C375D33D7 /* [CP] Embed Pods Frameworks */ = {
			isa = PBXShellScriptBuildPhase;
			buildActionMask = 2147483647;
			files = (
			);
			inputFileListPaths = (
				"${PODS_ROOT}/Target Support Files/Pods-Todo/Pods-Todo-frameworks-${CONFIGURATION}-input-files.xcfilelist",
			);
			name = "[CP] Embed Pods Frameworks";
			outputFileListPaths = (
				"${PODS_ROOT}/Target Support Files/Pods-Todo/Pods-Todo-frameworks-${CONFIGURATION}-output-files.xcfilelist",
			);
			runOnlyForDeploymentPostprocessing = 0;
			shellPath = /bin/sh;
			shellScript = "\"${PODS_ROOT}/Target Support Files/Pods-Todo/Pods-Todo-frameworks.sh\"\n";
			showEnvVarsInLog = 0;
		};
/* End PBXShellScriptBuildPhase section */

/* Begin PBXSourcesBuildPhase section */
		FC4D27C928A10EC8006D0CF4 /* Sources */ = {
			isa = PBXSourcesBuildPhase;
			buildActionMask = 2147483647;
			files = (
				FC4D280E28A431BD006D0CF4 /* TaskTableViewCell.swift in Sources */,
				FC4D27D528A10EC8006D0CF4 /* TasksViewController.swift in Sources */,
				FC39594D28C4CE1700EB99DE /* NotificationsManager.swift in Sources */,
				FC4D281128A4EFB3006D0CF4 /* Task.swift in Sources */,
				FC39591D28AA5F1800EB99DE /* SubTask.swift in Sources */,
				FC4D27D128A10EC8006D0CF4 /* AppDelegate.swift in Sources */,
				FC39594F28CCDEFC00EB99DE /* Constants.swift in Sources */,
				FC39592528ABF02F00EB99DE /* DatePickerPopupViewController.swift in Sources */,
				FC39592028AA695A00EB99DE /* SubTaskTableViewCell.swift in Sources */,
				FC39592728B2890D00EB99DE /* TaskManager.swift in Sources */,
				FC39592328AA739F00EB99DE /* ContentSizedTableView.swift in Sources */,
				FC4D281628A6580A006D0CF4 /* AddNewTaskViewController.swift in Sources */,
				FC4D27D328A10EC8006D0CF4 /* SceneDelegate.swift in Sources */,
			);
			runOnlyForDeploymentPostprocessing = 0;
		};
/* End PBXSourcesBuildPhase section */

/* Begin PBXVariantGroup section */
		FC4D27D628A10EC8006D0CF4 /* Main.storyboard */ = {
			isa = PBXVariantGroup;
			children = (
				FC4D27D728A10EC8006D0CF4 /* Base */,
			);
			name = Main.storyboard;
			sourceTree = "<group>";
		};
		FC4D27DB28A10ECB006D0CF4 /* LaunchScreen.storyboard */ = {
			isa = PBXVariantGroup;
			children = (
				FC4D27DC28A10ECB006D0CF4 /* Base */,
			);
			name = LaunchScreen.storyboard;
			sourceTree = "<group>";
		};
/* End PBXVariantGroup section */

/* Begin XCBuildConfiguration section */
		FC4D27DF28A10ECB006D0CF4 /* Debug */ = {
			isa = XCBuildConfiguration;
			buildSettings = {
				ALWAYS_SEARCH_USER_PATHS = NO;
				CLANG_ANALYZER_NONNULL = YES;
				CLANG_ANALYZER_NUMBER_OBJECT_CONVERSION = YES_AGGRESSIVE;
				CLANG_CXX_LANGUAGE_STANDARD = "gnu++17";
				CLANG_ENABLE_MODULES = YES;
				CLANG_ENABLE_OBJC_ARC = YES;
				CLANG_ENABLE_OBJC_WEAK = YES;
				CLANG_WARN_BLOCK_CAPTURE_AUTORELEASING = YES;
				CLANG_WARN_BOOL_CONVERSION = YES;
				CLANG_WARN_COMMA = YES;
				CLANG_WARN_CONSTANT_CONVERSION = YES;
				CLANG_WARN_DEPRECATED_OBJC_IMPLEMENTATIONS = YES;
				CLANG_WARN_DIRECT_OBJC_ISA_USAGE = YES_ERROR;
				CLANG_WARN_DOCUMENTATION_COMMENTS = YES;
				CLANG_WARN_EMPTY_BODY = YES;
				CLANG_WARN_ENUM_CONVERSION = YES;
				CLANG_WARN_INFINITE_RECURSION = YES;
				CLANG_WARN_INT_CONVERSION = YES;
				CLANG_WARN_NON_LITERAL_NULL_CONVERSION = YES;
				CLANG_WARN_OBJC_IMPLICIT_RETAIN_SELF = YES;
				CLANG_WARN_OBJC_LITERAL_CONVERSION = YES;
				CLANG_WARN_OBJC_ROOT_CLASS = YES_ERROR;
				CLANG_WARN_QUOTED_INCLUDE_IN_FRAMEWORK_HEADER = YES;
				CLANG_WARN_RANGE_LOOP_ANALYSIS = YES;
				CLANG_WARN_STRICT_PROTOTYPES = YES;
				CLANG_WARN_SUSPICIOUS_MOVE = YES;
				CLANG_WARN_UNGUARDED_AVAILABILITY = YES_AGGRESSIVE;
				CLANG_WARN_UNREACHABLE_CODE = YES;
				CLANG_WARN__DUPLICATE_METHOD_MATCH = YES;
				COPY_PHASE_STRIP = NO;
				DEBUG_INFORMATION_FORMAT = dwarf;
				ENABLE_STRICT_OBJC_MSGSEND = YES;
				ENABLE_TESTABILITY = YES;
				GCC_C_LANGUAGE_STANDARD = gnu11;
				GCC_DYNAMIC_NO_PIC = NO;
				GCC_NO_COMMON_BLOCKS = YES;
				GCC_OPTIMIZATION_LEVEL = 0;
				GCC_PREPROCESSOR_DEFINITIONS = (
					"DEBUG=1",
					"$(inherited)",
				);
				GCC_WARN_64_TO_32_BIT_CONVERSION = YES;
				GCC_WARN_ABOUT_RETURN_TYPE = YES_ERROR;
				GCC_WARN_UNDECLARED_SELECTOR = YES;
				GCC_WARN_UNINITIALIZED_AUTOS = YES_AGGRESSIVE;
				GCC_WARN_UNUSED_FUNCTION = YES;
				GCC_WARN_UNUSED_VARIABLE = YES;
				IPHONEOS_DEPLOYMENT_TARGET = 15.5;
				MTL_ENABLE_DEBUG_INFO = INCLUDE_SOURCE;
				MTL_FAST_MATH = YES;
				ONLY_ACTIVE_ARCH = YES;
				SDKROOT = iphoneos;
				SWIFT_ACTIVE_COMPILATION_CONDITIONS = DEBUG;
				SWIFT_OPTIMIZATION_LEVEL = "-Onone";
			};
			name = Debug;
		};
		FC4D27E028A10ECB006D0CF4 /* Release */ = {
			isa = XCBuildConfiguration;
			buildSettings = {
				ALWAYS_SEARCH_USER_PATHS = NO;
				CLANG_ANALYZER_NONNULL = YES;
				CLANG_ANALYZER_NUMBER_OBJECT_CONVERSION = YES_AGGRESSIVE;
				CLANG_CXX_LANGUAGE_STANDARD = "gnu++17";
				CLANG_ENABLE_MODULES = YES;
				CLANG_ENABLE_OBJC_ARC = YES;
				CLANG_ENABLE_OBJC_WEAK = YES;
				CLANG_WARN_BLOCK_CAPTURE_AUTORELEASING = YES;
				CLANG_WARN_BOOL_CONVERSION = YES;
				CLANG_WARN_COMMA = YES;
				CLANG_WARN_CONSTANT_CONVERSION = YES;
				CLANG_WARN_DEPRECATED_OBJC_IMPLEMENTATIONS = YES;
				CLANG_WARN_DIRECT_OBJC_ISA_USAGE = YES_ERROR;
				CLANG_WARN_DOCUMENTATION_COMMENTS = YES;
				CLANG_WARN_EMPTY_BODY = YES;
				CLANG_WARN_ENUM_CONVERSION = YES;
				CLANG_WARN_INFINITE_RECURSION = YES;
				CLANG_WARN_INT_CONVERSION = YES;
				CLANG_WARN_NON_LITERAL_NULL_CONVERSION = YES;
				CLANG_WARN_OBJC_IMPLICIT_RETAIN_SELF = YES;
				CLANG_WARN_OBJC_LITERAL_CONVERSION = YES;
				CLANG_WARN_OBJC_ROOT_CLASS = YES_ERROR;
				CLANG_WARN_QUOTED_INCLUDE_IN_FRAMEWORK_HEADER = YES;
				CLANG_WARN_RANGE_LOOP_ANALYSIS = YES;
				CLANG_WARN_STRICT_PROTOTYPES = YES;
				CLANG_WARN_SUSPICIOUS_MOVE = YES;
				CLANG_WARN_UNGUARDED_AVAILABILITY = YES_AGGRESSIVE;
				CLANG_WARN_UNREACHABLE_CODE = YES;
				CLANG_WARN__DUPLICATE_METHOD_MATCH = YES;
				COPY_PHASE_STRIP = NO;
				DEBUG_INFORMATION_FORMAT = "dwarf-with-dsym";
				ENABLE_NS_ASSERTIONS = NO;
				ENABLE_STRICT_OBJC_MSGSEND = YES;
				GCC_C_LANGUAGE_STANDARD = gnu11;
				GCC_NO_COMMON_BLOCKS = YES;
				GCC_WARN_64_TO_32_BIT_CONVERSION = YES;
				GCC_WARN_ABOUT_RETURN_TYPE = YES_ERROR;
				GCC_WARN_UNDECLARED_SELECTOR = YES;
				GCC_WARN_UNINITIALIZED_AUTOS = YES_AGGRESSIVE;
				GCC_WARN_UNUSED_FUNCTION = YES;
				GCC_WARN_UNUSED_VARIABLE = YES;
				IPHONEOS_DEPLOYMENT_TARGET = 15.5;
				MTL_ENABLE_DEBUG_INFO = NO;
				MTL_FAST_MATH = YES;
				SDKROOT = iphoneos;
				SWIFT_COMPILATION_MODE = wholemodule;
				SWIFT_OPTIMIZATION_LEVEL = "-O";
				VALIDATE_PRODUCT = YES;
			};
			name = Release;
		};
		FC4D27E228A10ECB006D0CF4 /* Debug */ = {
			isa = XCBuildConfiguration;
			baseConfigurationReference = 085CF449EB73883F07925BD3 /* Pods-Todo.debug.xcconfig */;
			buildSettings = {
				ASSETCATALOG_COMPILER_APPICON_NAME = AppIcon;
				ASSETCATALOG_COMPILER_GLOBAL_ACCENT_COLOR_NAME = AccentColor;
				CODE_SIGN_STYLE = Automatic;
				CURRENT_PROJECT_VERSION = 1;
				DEVELOPMENT_TEAM = 8QGJJ7998A;
				GENERATE_INFOPLIST_FILE = YES;
				INFOPLIST_FILE = Todo/Info.plist;
				INFOPLIST_KEY_UIApplicationSupportsIndirectInputEvents = YES;
				INFOPLIST_KEY_UILaunchStoryboardName = LaunchScreen;
				INFOPLIST_KEY_UIMainStoryboardFile = Main;
				INFOPLIST_KEY_UISupportedInterfaceOrientations = UIInterfaceOrientationPortrait;
				INFOPLIST_KEY_UISupportedInterfaceOrientations_iPad = "UIInterfaceOrientationPortrait UIInterfaceOrientationPortraitUpsideDown UIInterfaceOrientationLandscapeLeft UIInterfaceOrientationLandscapeRight";
				INFOPLIST_KEY_UISupportedInterfaceOrientations_iPhone = "UIInterfaceOrientationPortrait UIInterfaceOrientationLandscapeLeft UIInterfaceOrientationLandscapeRight";
				LD_RUNPATH_SEARCH_PATHS = (
					"$(inherited)",
					"@executable_path/Frameworks",
				);
				MARKETING_VERSION = 1.0;
				PRODUCT_BUNDLE_IDENTIFIER = com.zhakhinarden.Todo;
				PRODUCT_NAME = "$(TARGET_NAME)";
				SWIFT_EMIT_LOC_STRINGS = YES;
				SWIFT_VERSION = 5.0;
				TARGETED_DEVICE_FAMILY = "1,2";
			};
			name = Debug;
		};
		FC4D27E328A10ECB006D0CF4 /* Release */ = {
			isa = XCBuildConfiguration;
			baseConfigurationReference = 595E83C985777FBED9511968 /* Pods-Todo.release.xcconfig */;
			buildSettings = {
				ASSETCATALOG_COMPILER_APPICON_NAME = AppIcon;
				ASSETCATALOG_COMPILER_GLOBAL_ACCENT_COLOR_NAME = AccentColor;
				CODE_SIGN_STYLE = Automatic;
				CURRENT_PROJECT_VERSION = 1;
				DEVELOPMENT_TEAM = 8QGJJ7998A;
				GENERATE_INFOPLIST_FILE = YES;
				INFOPLIST_FILE = Todo/Info.plist;
				INFOPLIST_KEY_UIApplicationSupportsIndirectInputEvents = YES;
				INFOPLIST_KEY_UILaunchStoryboardName = LaunchScreen;
				INFOPLIST_KEY_UIMainStoryboardFile = Main;
				INFOPLIST_KEY_UISupportedInterfaceOrientations = UIInterfaceOrientationPortrait;
				INFOPLIST_KEY_UISupportedInterfaceOrientations_iPad = "UIInterfaceOrientationPortrait UIInterfaceOrientationPortraitUpsideDown UIInterfaceOrientationLandscapeLeft UIInterfaceOrientationLandscapeRight";
				INFOPLIST_KEY_UISupportedInterfaceOrientations_iPhone = "UIInterfaceOrientationPortrait UIInterfaceOrientationLandscapeLeft UIInterfaceOrientationLandscapeRight";
				LD_RUNPATH_SEARCH_PATHS = (
					"$(inherited)",
					"@executable_path/Frameworks",
				);
				MARKETING_VERSION = 1.0;
				PRODUCT_BUNDLE_IDENTIFIER = com.zhakhinarden.Todo;
				PRODUCT_NAME = "$(TARGET_NAME)";
				SWIFT_EMIT_LOC_STRINGS = YES;
				SWIFT_VERSION = 5.0;
				TARGETED_DEVICE_FAMILY = "1,2";
			};
			name = Release;
		};
/* End XCBuildConfiguration section */

/* Begin XCConfigurationList section */
		FC4D27C828A10EC8006D0CF4 /* Build configuration list for PBXProject "Todo" */ = {
			isa = XCConfigurationList;
			buildConfigurations = (
				FC4D27DF28A10ECB006D0CF4 /* Debug */,
				FC4D27E028A10ECB006D0CF4 /* Release */,
			);
			defaultConfigurationIsVisible = 0;
			defaultConfigurationName = Release;
		};
		FC4D27E128A10ECB006D0CF4 /* Build configuration list for PBXNativeTarget "Todo" */ = {
			isa = XCConfigurationList;
			buildConfigurations = (
				FC4D27E228A10ECB006D0CF4 /* Debug */,
				FC4D27E328A10ECB006D0CF4 /* Release */,
			);
			defaultConfigurationIsVisible = 0;
			defaultConfigurationName = Release;
		};
/* End XCConfigurationList section */
	};
	rootObject = FC4D27C528A10EC8006D0CF4 /* Project object */;
}
